// !$*UTF8*$!
{
	archiveVersion = 1;
	classes = {
	};
	objectVersion = 46;
	objects = {

/* Begin PBXBuildFile section */
		04CACBA91C014BA0005192D6 /* PXViewOpInspect.h in CopyFiles */ = {isa = PBXBuildFile; fileRef = 04CACBA81C014BA0005192D6 /* PXViewOpInspect.h */; };
		04CACBAB1C014BA0005192D6 /* PXViewOpInspect.m in Sources */ = {isa = PBXBuildFile; fileRef = 04CACBAA1C014BA0005192D6 /* PXViewOpInspect.m */; };
/* End PBXBuildFile section */

/* Begin PBXCopyFilesBuildPhase section */
		04CACBA31C014BA0005192D6 /* CopyFiles */ = {
			isa = PBXCopyFilesBuildPhase;
			buildActionMask = 2147483647;
			dstPath = "include/$(PRODUCT_NAME)";
			dstSubfolderSpec = 16;
			files = (
				04CACBA91C014BA0005192D6 /* PXViewOpInspect.h in CopyFiles */,
			);
			runOnlyForDeploymentPostprocessing = 0;
		};
/* End PBXCopyFilesBuildPhase section */

/* Begin PBXFileReference section */
		04CACBA51C014BA0005192D6 /* libPXViewOpInspect.a */ = {isa = PBXFileReference; explicitFileType = archive.ar; includeInIndex = 0; path = libPXViewOpInspect.a; sourceTree = BUILT_PRODUCTS_DIR; };
		04CACBA81C014BA0005192D6 /* PXViewOpInspect.h */ = {isa = PBXFileReference; lastKnownFileType = sourcecode.c.h; path = PXViewOpInspect.h; sourceTree = "<group>"; };
		04CACBAA1C014BA0005192D6 /* PXViewOpInspect.m */ = {isa = PBXFileReference; lastKnownFileType = sourcecode.c.objc; path = PXViewOpInspect.m; sourceTree = "<group>"; };
/* End PBXFileReference section */

/* Begin PBXFrameworksBuildPhase section */
		04CACBA21C014BA0005192D6 /* Frameworks */ = {
			isa = PBXFrameworksBuildPhase;
			buildActionMask = 2147483647;
			files = (
			);
			runOnlyForDeploymentPostprocessing = 0;
		};
/* End PBXFrameworksBuildPhase section */

/* Begin PBXGroup section */
		04CACB9C1C014BA0005192D6 = {
			isa = PBXGroup;
			children = (
				04CACBA71C014BA0005192D6 /* PXViewOpInspect */,
				04CACBA61C014BA0005192D6 /* Products */,
			);
			sourceTree = "<group>";
		};
		04CACBA61C014BA0005192D6 /* Products */ = {
			isa = PBXGroup;
			children = (
				04CACBA51C014BA0005192D6 /* libPXViewOpInspect.a */,
			);
			name = Products;
			sourceTree = "<group>";
		};
		04CACBA71C014BA0005192D6 /* PXViewOpInspect */ = {
			isa = PBXGroup;
			children = (
				04CACBA81C014BA0005192D6 /* PXViewOpInspect.h */,
				04CACBAA1C014BA0005192D6 /* PXViewOpInspect.m */,
			);
			path = PXViewOpInspect;
			sourceTree = "<group>";
		};
/* End PBXGroup section */

/* Begin PBXNativeTarget section */
		04CACBA41C014BA0005192D6 /* PXViewOpInspect */ = {
			isa = PBXNativeTarget;
			buildConfigurationList = 04CACBAE1C014BA0005192D6 /* Build configuration list for PBXNativeTarget "PXViewOpInspect" */;
			buildPhases = (
				04CACBA11C014BA0005192D6 /* Sources */,
				04CACBA21C014BA0005192D6 /* Frameworks */,
				04CACBA31C014BA0005192D6 /* CopyFiles */,
			);
			buildRules = (
			);
			dependencies = (
			);
			name = PXViewOpInspect;
			productName = PXViewOpInspect;
			productReference = 04CACBA51C014BA0005192D6 /* libPXViewOpInspect.a */;
			productType = "com.apple.product-type.library.static";
		};
/* End PBXNativeTarget section */

/* Begin PBXProject section */
		04CACB9D1C014BA0005192D6 /* Project object */ = {
			isa = PBXProject;
			attributes = {
				LastUpgradeCheck = 0710;
				ORGANIZATIONNAME = "习波 肖";
				TargetAttributes = {
					04CACBA41C014BA0005192D6 = {
						CreatedOnToolsVersion = 7.1;
					};
				};
			};
			buildConfigurationList = 04CACBA01C014BA0005192D6 /* Build configuration list for PBXProject "PXViewOpInspect" */;
			compatibilityVersion = "Xcode 3.2";
			developmentRegion = English;
			hasScannedForEncodings = 0;
			knownRegions = (
				en,
			);
			mainGroup = 04CACB9C1C014BA0005192D6;
			productRefGroup = 04CACBA61C014BA0005192D6 /* Products */;
			projectDirPath = "";
			projectRoot = "";
			targets = (
				04CACBA41C014BA0005192D6 /* PXViewOpInspect */,
			);
		};
/* End PBXProject section */

/* Begin PBXSourcesBuildPhase section */
		04CACBA11C014BA0005192D6 /* Sources */ = {
			isa = PBXSourcesBuildPhase;
			buildActionMask = 2147483647;
			files = (
				04CACBAB1C014BA0005192D6 /* PXViewOpInspect.m in Sources */,
			);
			runOnlyForDeploymentPostprocessing = 0;
		};
/* End PBXSourcesBuildPhase section */

/* Begin XCBuildConfiguration section */
		04CACBAC1C014BA0005192D6 /* Debug */ = {
			isa = XCBuildConfiguration;
			buildSettings = {
				ALWAYS_SEARCH_USER_PATHS = NO;
				CLANG_CXX_LANGUAGE_STANDARD = "gnu++0x";
				CLANG_CXX_LIBRARY = "libc++";
				CLANG_ENABLE_MODULES = YES;
				CLANG_ENABLE_OBJC_ARC = YES;
				CLANG_WARN_BOOL_CONVERSION = YES;
				CLANG_WARN_CONSTANT_CONVERSION = YES;
				CLANG_WARN_DIRECT_OBJC_ISA_USAGE = YES_ERROR;
				CLANG_WARN_EMPTY_BODY = YES;
				CLANG_WARN_ENUM_CONVERSION = YES;
				CLANG_WARN_INT_CONVERSION = YES;
				CLANG_WARN_OBJC_ROOT_CLASS = YES_ERROR;
				CLANG_WARN_UNREACHABLE_CODE = YES;
				CLANG_WARN__DUPLICATE_METHOD_MATCH = YES;
				"CODE_SIGN_IDENTITY[sdk=iphoneos*]" = "iPhone Developer";
				COPY_PHASE_STRIP = NO;
				DEBUG_INFORMATION_FORMAT = dwarf;
				ENABLE_STRICT_OBJC_MSGSEND = YES;
				ENABLE_TESTABILITY = YES;
				GCC_C_LANGUAGE_STANDARD = gnu99;
				GCC_DYNAMIC_NO_PIC = NO;
				GCC_NO_COMMON_BLOCKS = YES;
				GCC_OPTIMIZATION_LEVEL = 0;
				GCC_PREPROCESSOR_DEFINITIONS = (
					"DEBUG=1",
					"$(inherited)",
				);
				GCC_WARN_64_TO_32_BIT_CONVERSION = YES;
				GCC_WARN_ABOUT_RETURN_TYPE = YES_ERROR;
				GCC_WARN_UNDECLARED_SELECTOR = YES;
				GCC_WARN_UNINITIALIZED_AUTOS = YES_AGGRESSIVE;
				GCC_WARN_UNUSED_FUNCTION = YES;
				GCC_WARN_UNUSED_VARIABLE = YES;
				IPHONEOS_DEPLOYMENT_TARGET = 9.1;
				MTL_ENABLE_DEBUG_INFO = YES;
				ONLY_ACTIVE_ARCH = YES;
				SDKROOT = iphoneos;
			};
			name = Debug;
		};
		04CACBAD1C014BA0005192D6 /* Release */ = {
			isa = XCBuildConfiguration;
			buildSettings = {
				ALWAYS_SEARCH_USER_PATHS = NO;
				CLANG_CXX_LANGUAGE_STANDARD = "gnu++0x";
				CLANG_CXX_LIBRARY = "libc++";
				CLANG_ENABLE_MODULES = YES;
				CLANG_ENABLE_OBJC_ARC = YES;
				CLANG_WARN_BOOL_CONVERSION = YES;
				CLANG_WARN_CONSTANT_CONVERSION = YES;
				CLANG_WARN_DIRECT_OBJC_ISA_USAGE = YES_ERROR;
				CLANG_WARN_EMPTY_BODY = YES;
				CLANG_WARN_ENUM_CONVERSION = YES;
				CLANG_WARN_INT_CONVERSION = YES;
				CLANG_WARN_OBJC_ROOT_CLASS = YES_ERROR;
				CLANG_WARN_UNREACHABLE_CODE = YES;
				CLANG_WARN__DUPLICATE_METHOD_MATCH = YES;
				"CODE_SIGN_IDENTITY[sdk=iphoneos*]" = "iPhone Developer";
				COPY_PHASE_STRIP = NO;
				DEBUG_INFORMATION_FORMAT = "dwarf-with-dsym";
				ENABLE_NS_ASSERTIONS = NO;
				ENABLE_STRICT_OBJC_MSGSEND = YES;
				GCC_C_LANGUAGE_STANDARD = gnu99;
				GCC_NO_COMMON_BLOCKS = YES;
				GCC_WARN_64_TO_32_BIT_CONVERSION = YES;
				GCC_WARN_ABOUT_RETURN_TYPE = YES_ERROR;
				GCC_WARN_UNDECLARED_SELECTOR = YES;
				GCC_WARN_UNINITIALIZED_AUTOS = YES_AGGRESSIVE;
				GCC_WARN_UNUSED_FUNCTION = YES;
				GCC_WARN_UNUSED_VARIABLE = YES;
				IPHONEOS_DEPLOYMENT_TARGET = 9.1;
				MTL_ENABLE_DEBUG_INFO = NO;
				SDKROOT = iphoneos;
				VALIDATE_PRODUCT = YES;
			};
			name = Release;
		};
		04CACBAF1C014BA0005192D6 /* Debug */ = {
			isa = XCBuildConfiguration;
			buildSettings = {
				OTHER_LDFLAGS = "-ObjC";
				PRODUCT_NAME = "$(TARGET_NAME)";
				SKIP_INSTALL = YES;
			};
			name = Debug;
		};
		04CACBB01C014BA0005192D6 /* Release */ = {
			isa = XCBuildConfiguration;
			buildSettings = {
				OTHER_LDFLAGS = "-ObjC";
				PRODUCT_NAME = "$(TARGET_NAME)";
				SKIP_INSTALL = YES;
			};
			name = Release;
		};
/* End XCBuildConfiguration section */

/* Begin XCConfigurationList section */
		04CACBA01C014BA0005192D6 /* Build configuration list for PBXProject "PXViewOpInspect" */ = {
			isa = XCConfigurationList;
			buildConfigurations = (
				04CACBAC1C014BA0005192D6 /* Debug */,
				04CACBAD1C014BA0005192D6 /* Release */,
			);
			defaultConfigurationIsVisible = 0;
			defaultConfigurationName = Release;
		};
		04CACBAE1C014BA0005192D6 /* Build configuration list for PBXNativeTarget "PXViewOpInspect" */ = {
			isa = XCConfigurationList;
			buildConfigurations = (
				04CACBAF1C014BA0005192D6 /* Debug */,
				04CACBB01C014BA0005192D6 /* Release */,
			);
			defaultConfigurationIsVisible = 0;
		};
/* End XCConfigurationList section */
	};
	rootObject = 04CACB9D1C014BA0005192D6 /* Project object */;
}
